
Microsoft Visual Studio Solution File, Format Version 12.00
# Visual Studio Version 17
VisualStudioVersion = 17.0.31919.166
MinimumVisualStudioVersion = 10.0.40219.1
Project("{FAE04EC0-301F-11D3-BF4B-00C04F79EFBC}") = "WebApiServiceFinal", "WebApiServiceFinal.csproj", "{CBEFFB30-B736-4AD6-9820-A6B47FD7D9B1}"
EndProject
Global
	GlobalSection(SolutionConfigurationPlatforms) = preSolution
		Debug|Any CPU = Debug|Any CPU
		Release|Any CPU = Release|Any CPU
	EndGlobalSection
	GlobalSection(ProjectConfigurationPlatforms) = postSolution
		{CBEFFB30-B736-4AD6-9820-A6B47FD7D9B1}.Debug|Any CPU.ActiveCfg = Debug|Any CPU
		{CBEFFB30-B736-4AD6-9820-A6B47FD7D9B1}.Debug|Any CPU.Build.0 = Debug|Any CPU
		{CBEFFB30-B736-4AD6-9820-A6B47FD7D9B1}.Release|Any CPU.ActiveCfg = Release|Any CPU
		{CBEFFB30-B736-4AD6-9820-A6B47FD7D9B1}.Release|Any CPU.Build.0 = Release|Any CPU
	EndGlobalSection
	GlobalSection(SolutionProperties) = preSolution
		HideSolutionNode = FALSE
	EndGlobalSection
	GlobalSection(ExtensibilityGlobals) = postSolution
		SolutionGuid = {CB73DF9A-7029-404F-9D7F-5438DAF8F8F4}
	EndGlobalSection
EndGlobal
